{
  "version": 1,
  "dependencies": {
    "net10.0": {
      "Microsoft.Extensions.Hosting.WindowsServices": {
        "type": "Direct",
        "requested": "[10.0.12, )",
        "resolved": "10.0.12",
        "contentHash": "Za5xCWb7jkHd7+hYu8C22uIf0DGhNASIiXo1xSU450nj01RFCerP06h1Bh3kxUm+5DijfgP0gtpY6v+oI/UI4g==",
        "dependencies": {
          "System.ServiceProcess.ServiceController": "10.0.12"
        }
      },
      "BitFaster.Caching": {
        "type": "Transitive",
        "resolved": "2.6.0",
        "contentHash": "iF2dMiGpaya8Umwi0OfsGKtq3aMVgHVsBChwQL+NhShEsRorcoTinGf9FFNBnBMwJW2Vm0FqhtOaEBY0+74p6g=="
      },
      "Konscious.Security.Cryptography.Argon2": {
        "type": "Transitive",
        "resolved": "1.3.1",
        "contentHash": "T+OAGwzYYXftahpOxO7J4xA5K6urxwGnWQf3M+Jpi+76Azv/0T3M5SuN+h7/QvXuiqNw3ZEZ5QqVLI5ygDAylw==",
        "dependencies": {
          "Konscious.Security.Cryptography.Blake2": "1.1.1"
        }
      },
      "Konscious.Security.Cryptography.Blake2": {
        "type": "Transitive",
        "resolved": "1.1.1",
        "contentHash": "odwOyzj/J/lHJZNwFWJGU/LRecBShupAJ2S8TQqZfhUe9niHzu/voBYK5wuVKsvSpzbfupKQYZguVyIk1sgOkQ=="
      },
      "libsodium": {
        "type": "Transitive",
        "resolved": "1.0.22",
        "contentHash": "KPD9SloJFclrsjnhABu7dzWrcyYkwPbvx5l1gRSPAX/0n+OBtSiVCKtGFv4n+ecWUHU0tCG9LSSwoZZx673zBQ=="
      },
      "Microsoft.Data.Sqlite": {
        "type": "Transitive",
        "resolved": "10.0.12",
        "contentHash": "xUq9xUc653ue7ac2rMfCaf8UQN+U3zS8poWYlugycpvJllplMM0Mk7v/+MM0CTlu9zGvbGML4BPH8YWhrUOfGw==",
        "dependencies": {
          "Microsoft.Data.Sqlite.Core": "10.0.12",
          "SQLitePCLRaw.bundle_e_sqlite3": "2.1.12",
          "SQLitePCLRaw.core": "2.1.12"
        }
      },
      "Microsoft.Data.Sqlite.Core": {
        "type": "Transitive",
        "resolved": "10.0.12",
        "contentHash": "2aL9eL5HQr0V4b8V909SD+jQAx6qnTTl7sT/v3D8dIvmr2UGdpZIQxqm1pj2Js3e4EYTvpw0oMH7DjapJJuPPw==",
        "dependencies": {
          "SQLitePCLRaw.core": "2.1.12"
        }
      },
      "MQTTnet": {
        "type": "Transitive",
        "resolved": "5.2.0.1603",
        "contentHash": "iNuWVo/568aRo2ExEN2qkC4J5b07ckKqt+9Uok2kIbbK7PMBsXvYiKVENPHmOBWFB5ExhlNQb/qQ8M9/IYRTdQ=="
      },
      "Newtonsoft.Json": {
        "type": "Transitive",
        "resolved": "13.0.4",
        "contentHash": "pdgNNMai3zv51W5aq268sujXUyx7SNdE2bj1wZcWjAQrKMFZV260lbqYop1d2GM67JI1huLRwxo9ZqnfF/lC6A=="
      },
      "NSec.Cryptography": {
        "type": "Transitive",
        "resolved": "26.4.0",
        "contentHash": "0vsCtY5f+YgQROiWNqzgWp+l2pddfk9FkWoGV/bEo0MuEYPKlJWuoA8aOfO6qp3f+EnObKE3zSJhn1PspJeJVg==",
        "dependencies": {
          "libsodium": "[1.0.22, 1.0.23)"
        }
      },
      "OPCFoundation.NetStandard.Opc.Ua.Client": {
        "type": "Transitive",
        "resolved": "1.5.378.176",
        "contentHash": "S69pGBZK73tJIYfR2IqRIl2qy/r4kodeSaOXnwz3hkQtJSd++Ts3C612v3KYIKgK48jkArWOiVXQhdSTKvqwyA==",
        "dependencies": {
          "BitFaster.Caching": "2.6.0",
          "OPCFoundation.NetStandard.Opc.Ua.Configuration": "1.5.378.176",
          "OPCFoundation.NetStandard.Opc.Ua.Core": "1.5.378.176"
        }
      },
      "OPCFoundation.NetStandard.Opc.Ua.Configuration": {
        "type": "Transitive",
        "resolved": "1.5.378.176",
        "contentHash": "96eSjJ1+TyvrP9rgZs5Eb2KGqz666irjmMCQAcM3Cg8k4zNFtkM4+om67vpHLGiGn0YtM1mKOEEpk+0ziLwosw==",
        "dependencies": {
          "OPCFoundation.NetStandard.Opc.Ua.Core": "1.5.378.176"
        }
      },
      "OPCFoundation.NetStandard.Opc.Ua.Core": {
        "type": "Transitive",
        "resolved": "1.5.378.176",
        "contentHash": "AavQSop8he3oyJPJLoCEFrXTtltRSTwy0NSS9E11lILrOd4R4Fkki/HR8evlM0yEBPWWySeWm50Afk3InvLJww==",
        "dependencies": {
          "Newtonsoft.Json": "13.0.4",
          "OPCFoundation.NetStandard.Opc.Ua.Security.Certificates": "1.5.378.176",
          "OPCFoundation.NetStandard.Opc.Ua.Types": "1.5.378.176"
        }
      },
      "OPCFoundation.NetStandard.Opc.Ua.Security.Certificates": {
        "type": "Transitive",
        "resolved": "1.5.378.176",
        "contentHash": "8tuF/PgDzlGtjVjD4UZP9KNOtQrFsM/u/Gn/CHq6XmL5IzBC66bBKyus9/KMGr6RTzgCJnS4EXAdTrTcbfjnIw==",
        "dependencies": {
          "OPCFoundation.NetStandard.Opc.Ua.Types": "1.5.378.176"
        }
      },
      "OPCFoundation.NetStandard.Opc.Ua.Types": {
        "type": "Transitive",
        "resolved": "1.5.378.176",
        "contentHash": "kATDAUMKIQ42VJluTmI6+PSQpIukLp/L7sYrdlMddZ5a8tNcEgXumpkEvz6ozKFGc/fUcww57fYb0740aY453g=="
      },
      "SQLitePCLRaw.bundle_e_sqlite3": {
        "type": "Transitive",
        "resolved": "2.1.13",
        "contentHash": "NlDixlC7uHmo+ojXRgkNvN0tQtVGpLDZ3x2OpgNj+G07VHh5cXSszFDrAiC4BpUiPwkcaeuQkMV9WQ123xVtmQ==",
        "dependencies": {
          "SQLitePCLRaw.lib.e_sqlite3": "2.1.13",
          "SQLitePCLRaw.provider.e_sqlite3": "2.1.13"
        }
      },
      "SQLitePCLRaw.core": {
        "type": "Transitive",
        "resolved": "2.1.13",
        "contentHash": "2joofoinuHBFs0nMX3nKuXgxpXryRkCOdM2Ua6HBqQLLy6IW+5f28ZI+HAvMyF8vG7XfNz/lwfBfE6V4juru8Q=="
      },
      "SQLitePCLRaw.lib.e_sqlite3": {
        "type": "Transitive",
        "resolved": "2.1.13",
        "contentHash": "D2UAuiGxFYBqeRXjjjGgvJ5UQifzn6wefmSqeKU7XcNGKLbJRP6X7kcPZ6opOBJGdCIlgbSxTvDpBbLvsN594A=="
      },
      "SQLitePCLRaw.provider.e_sqlite3": {
        "type": "Transitive",
        "resolved": "2.1.13",
        "contentHash": "ZU60dSqoSNRe49KcQDUmOVgdRtjITOssVXFtiISs+zJXDI4D2Sndwpn2NOtzDQNPu0ZAvpoLPQ+GLKv6iEZn8Q==",
        "dependencies": {
          "SQLitePCLRaw.core": "2.1.13"
        }
      },
      "System.ServiceProcess.ServiceController": {
        "type": "Transitive",
        "resolved": "10.0.12",
        "contentHash": "sFV+RM/yPtshiCAEIuTm8Dt4F7VuKRbL50PnGC9nXHolk/jw+z3T8zx7axKTBC8mqtQU2ZmjsoPC9b1iwOilNQ=="
      },
      "prognode.alarm": {
        "type": "Project",
        "dependencies": {
          "Microsoft.Data.Sqlite": "[10.0.12, )",
          "Prognode.Contracts": "[1.0.0-dev, )",
          "Prognode.Core": "[1.0.0-dev, )",
          "Prognode.Notifications": "[1.0.0-dev, )"
        }
      },
      "prognode.backup": {
        "type": "Project",
        "dependencies": {
          "Prognode.Data": "[1.0.0-dev, )"
        }
      },
      "prognode.contracts": {
        "type": "Project"
      },
      "prognode.core": {
        "type": "Project",
        "dependencies": {
          "Prognode.Contracts": "[1.0.0-dev, )",
          "Prognode.Protocols.Abstractions": "[1.0.0-dev, )"
        }
      },
      "prognode.data": {
        "type": "Project",
        "dependencies": {
          "Microsoft.Data.Sqlite": "[10.0.12, )",
          "Prognode.Alarm": "[1.0.0-dev, )",
          "Prognode.Contracts": "[1.0.0-dev, )",
          "Prognode.Core": "[1.0.0-dev, )",
          "Prognode.Historian": "[1.0.0-dev, )",
          "Prognode.Trends": "[1.0.0-dev, )",
          "SQLitePCLRaw.bundle_e_sqlite3": "[2.1.13, )"
        }
      },
      "prognode.historian": {
        "type": "Project",
        "dependencies": {
          "Prognode.Contracts": "[1.0.0-dev, )",
          "Prognode.Core": "[1.0.0-dev, )"
        }
      },
      "prognode.licensing": {
        "type": "Project",
        "dependencies": {
          "Konscious.Security.Cryptography.Argon2": "[1.3.1, )",
          "NSec.Cryptography": "[26.4.0, )",
          "Prognode.Contracts": "[1.0.0-dev, )"
        }
      },
      "prognode.notifications": {
        "type": "Project",
        "dependencies": {
          "Microsoft.Data.Sqlite": "[10.0.12, )",
          "Prognode.Contracts": "[1.0.0-dev, )"
        }
      },
      "prognode.protocols.abstractions": {
        "type": "Project",
        "dependencies": {
          "Prognode.Contracts": "[1.0.0-dev, )"
        }
      },
      "prognode.protocols.mock": {
        "type": "Project",
        "dependencies": {
          "Prognode.Contracts": "[1.0.0-dev, )",
          "Prognode.Protocols.Abstractions": "[1.0.0-dev, )"
        }
      },
      "prognode.protocols.modbus": {
        "type": "Project",
        "dependencies": {
          "Prognode.Contracts": "[1.0.0-dev, )",
          "Prognode.Protocols.Abstractions": "[1.0.0-dev, )"
        }
      },
      "prognode.protocols.mqtt": {
        "type": "Project",
        "dependencies": {
          "MQTTnet": "[5.2.0.1603, )",
          "Prognode.Contracts": "[1.0.0-dev, )",
          "Prognode.Protocols.Abstractions": "[1.0.0-dev, )"
        }
      },
      "prognode.protocols.opcua": {
        "type": "Project",
        "dependencies": {
          "OPCFoundation.NetStandard.Opc.Ua.Client": "[1.5.378.176, )",
          "Prognode.Contracts": "[1.0.0-dev, )",
          "Prognode.Protocols.Abstractions": "[1.0.0-dev, )"
        }
      },
      "prognode.protocols.s7": {
        "type": "Project",
        "dependencies": {
          "Prognode.Contracts": "[1.0.0-dev, )",
          "Prognode.Protocols.Abstractions": "[1.0.0-dev, )"
        }
      },
      "prognode.remoteaccess": {
        "type": "Project",
        "dependencies": {
          "Microsoft.Data.Sqlite": "[10.0.12, )",
          "Prognode.Contracts": "[1.0.0-dev, )",
          "Prognode.Core": "[1.0.0-dev, )",
          "Prognode.Licensing": "[1.0.0-dev, )"
        }
      },
      "prognode.trends": {
        "type": "Project",
        "dependencies": {
          "Prognode.Contracts": "[1.0.0-dev, )",
          "Prognode.Core": "[1.0.0-dev, )"
        }
      },
      "prognode.web": {
        "type": "Project",
        "dependencies": {
          "Microsoft.Data.Sqlite": "[10.0.12, )",
          "Prognode.Alarm": "[1.0.0-dev, )",
          "Prognode.Contracts": "[1.0.0-dev, )",
          "Prognode.Core": "[1.0.0-dev, )",
          "Prognode.Historian": "[1.0.0-dev, )",
          "Prognode.Licensing": "[1.0.0-dev, )",
          "Prognode.Notifications": "[1.0.0-dev, )",
          "Prognode.Protocols.Modbus": "[1.0.0-dev, )",
          "Prognode.Protocols.S7": "[1.0.0-dev, )",
          "Prognode.RemoteAccess": "[1.0.0-dev, )",
          "Prognode.Trends": "[1.0.0-dev, )"
        }
      }
    },
    "net10.0/win-x64": {
      "libsodium": {
        "type": "Transitive",
        "resolved": "1.0.22",
        "contentHash": "KPD9SloJFclrsjnhABu7dzWrcyYkwPbvx5l1gRSPAX/0n+OBtSiVCKtGFv4n+ecWUHU0tCG9LSSwoZZx673zBQ=="
      },
      "SQLitePCLRaw.lib.e_sqlite3": {
        "type": "Transitive",
        "resolved": "2.1.13",
        "contentHash": "D2UAuiGxFYBqeRXjjjGgvJ5UQifzn6wefmSqeKU7XcNGKLbJRP6X7kcPZ6opOBJGdCIlgbSxTvDpBbLvsN594A=="
      },
      "System.ServiceProcess.ServiceController": {
        "type": "Transitive",
        "resolved": "10.0.12",
        "contentHash": "sFV+RM/yPtshiCAEIuTm8Dt4F7VuKRbL50PnGC9nXHolk/jw+z3T8zx7axKTBC8mqtQU2ZmjsoPC9b1iwOilNQ=="
      }
    }
  }
}